
Microsoft Visual Studio Solution File, Format Version 12.00
# Visual Studio Version 17
VisualStudioVersion = 17.5.002.0
MinimumVisualStudioVersion = 10.0.40219.1
Project("{9A19103F-16F7-4668-BE54-9A1E7A4F7556}") = "CalCS", "CalCS.csproj", "{6BA86838-F465-497E-ADE8-66D7E18783BE}"
EndProject
Global
	GlobalSection(SolutionConfigurationPlatforms) = preSolution
		Debug|Any CPU = Debug|Any CPU
		Release|Any CPU = Release|Any CPU
	EndGlobalSection
	GlobalSection(ProjectConfigurationPlatforms) = postSolution
		{6BA86838-F465-497E-ADE8-66D7E18783BE}.Debug|Any CPU.ActiveCfg = Debug|Any CPU
		{6BA86838-F465-497E-ADE8-66D7E18783BE}.Debug|Any CPU.Build.0 = Debug|Any CPU
		{6BA86838-F465-497E-ADE8-66D7E18783BE}.Release|Any CPU.ActiveCfg = Release|Any CPU
		{6BA86838-F465-497E-ADE8-66D7E18783BE}.Release|Any CPU.Build.0 = Release|Any CPU
	EndGlobalSection
	GlobalSection(SolutionProperties) = preSolution
		HideSolutionNode = FALSE
	EndGlobalSection
	GlobalSection(ExtensibilityGlobals) = postSolution
		SolutionGuid = {221A55FE-C223-4D3E-97F6-A4E88D3B87C3}
	EndGlobalSection
EndGlobal
